
Microsoft Visual Studio Solution File, Format Version 12.00
# Visual Studio Version 17
VisualStudioVersion = 17.2.32630.192
MinimumVisualStudioVersion = 10.0.40219.1
Project("{FAE04EC0-301F-11D3-BF4B-00C04F79EFBC}") = "HomeTask 1", "HomeTask 1\HomeTask 1.csproj", "{A2CCE8DA-3925-4854-A2B7-3CEDFDA71F7B}"
EndProject
Global
	GlobalSection(SolutionConfigurationPlatforms) = preSolution
		Debug|Any CPU = Debug|Any CPU
		Release|Any CPU = Release|Any CPU
	EndGlobalSection
	GlobalSection(ProjectConfigurationPlatforms) = postSolution
		{A2CCE8DA-3925-4854-A2B7-3CEDFDA71F7B}.Debug|Any CPU.ActiveCfg = Debug|Any CPU
		{A2CCE8DA-3925-4854-A2B7-3CEDFDA71F7B}.Debug|Any CPU.Build.0 = Debug|Any CPU
		{A2CCE8DA-3925-4854-A2B7-3CEDFDA71F7B}.Release|Any CPU.ActiveCfg = Release|Any CPU
		{A2CCE8DA-3925-4854-A2B7-3CEDFDA71F7B}.Release|Any CPU.Build.0 = Release|Any CPU
	EndGlobalSection
	GlobalSection(SolutionProperties) = preSolution
		HideSolutionNode = FALSE
	EndGlobalSection
	GlobalSection(ExtensibilityGlobals) = postSolution
		SolutionGuid = {F8E29A65-3293-42C4-BDB3-70121B147BB6}
	EndGlobalSection
EndGlobal
